
Microsoft Visual Studio Solution File, Format Version 12.00
# Visual Studio Version 17
VisualStudioVersion = 17.1.32319.34
MinimumVisualStudioVersion = 10.0.40219.1
Project("{FAE04EC0-301F-11D3-BF4B-00C04F79EFBC}") = "Reiz_HW_Task1", "Reiz_HW_Task1\Reiz_HW_Task1.csproj", "{120E0634-3A13-4D88-9B86-274EF777C6DD}"
EndProject
Global
	GlobalSection(SolutionConfigurationPlatforms) = preSolution
		Debug|Any CPU = Debug|Any CPU
		Release|Any CPU = Release|Any CPU
	EndGlobalSection
	GlobalSection(ProjectConfigurationPlatforms) = postSolution
		{120E0634-3A13-4D88-9B86-274EF777C6DD}.Debug|Any CPU.ActiveCfg = Debug|Any CPU
		{120E0634-3A13-4D88-9B86-274EF777C6DD}.Debug|Any CPU.Build.0 = Debug|Any CPU
		{120E0634-3A13-4D88-9B86-274EF777C6DD}.Release|Any CPU.ActiveCfg = Release|Any CPU
		{120E0634-3A13-4D88-9B86-274EF777C6DD}.Release|Any CPU.Build.0 = Release|Any CPU
	EndGlobalSection
	GlobalSection(SolutionProperties) = preSolution
		HideSolutionNode = FALSE
	EndGlobalSection
	GlobalSection(ExtensibilityGlobals) = postSolution
		SolutionGuid = {E9DCC823-5EA1-41C1-85AF-66DF4ABB44B7}
	EndGlobalSection
EndGlobal
